
Microsoft Visual Studio Solution File, Format Version 12.00
# Visual Studio 15
VisualStudioVersion = 15.0.28307.757
MinimumVisualStudioVersion = 10.0.40219.1
Project("{FAE04EC0-301F-11D3-BF4B-00C04F79EFBC}") = "WebServerWithRestApi.App", "WebServerWithRestApi.App\WebServerWithRestApi.App.csproj", "{E8FC9630-B408-405A-9DED-5164383975F1}"
EndProject
Global
	GlobalSection(SolutionConfigurationPlatforms) = preSolution
		Debug|Any CPU = Debug|Any CPU
		Release|Any CPU = Release|Any CPU
	EndGlobalSection
	GlobalSection(ProjectConfigurationPlatforms) = postSolution
		{E8FC9630-B408-405A-9DED-5164383975F1}.Debug|Any CPU.ActiveCfg = Debug|Any CPU
		{E8FC9630-B408-405A-9DED-5164383975F1}.Debug|Any CPU.Build.0 = Debug|Any CPU
		{E8FC9630-B408-405A-9DED-5164383975F1}.Release|Any CPU.ActiveCfg = Release|Any CPU
		{E8FC9630-B408-405A-9DED-5164383975F1}.Release|Any CPU.Build.0 = Release|Any CPU
	EndGlobalSection
	GlobalSection(SolutionProperties) = preSolution
		HideSolutionNode = FALSE
	EndGlobalSection
	GlobalSection(ExtensibilityGlobals) = postSolution
		SolutionGuid = {E7428AD4-3B46-485A-80D0-F650D8B6AAAA}
	EndGlobalSection
EndGlobal
